PODS:
  - Alamofire (5.0.0-rc.2)
  - AlamofireObjectMapper (6.2.0):
    - Alamofire (= 5.0.0-rc.2)
    - ObjectMapper (~> 3.5.1)
  - BPNetwork (0.3.5):
    - Alamofire
    - AlamofireObjectMapper (~> 6.2.0)
    - ObjectMapper
  - ObjectMapper (3.5.3)

DEPENDENCIES:
  - BPNetwork (from `../`)

SPEC REPOS:
  https://github.com/CocoaPods/Specs.git:
    - Alamofire
    - AlamofireObjectMapper
    - ObjectMapper

EXTERNAL SOURCES:
  BPNetwork:
    :path: "../"

SPEC CHECKSUMS:
  Alamofire: f9450d3c7f6bea2ad62e7a541c3e9b186c7991d6
  AlamofireObjectMapper: 74d1440c92c42bbcc2b5f4dc81654ac095ec669f
  BPNetwork: a37d20108c8274b82526e21d9d8f03b63a8400cc
  ObjectMapper: 97111c97e054a6ee25917662106689f0b4127b37

PODFILE CHECKSUM: 734139a48f6dda41dab418e098a56da0c6422acd

COCOAPODS: 1.10.1
